
Microsoft Visual Studio Solution File, Format Version 12.00
# Visual Studio Version 17
VisualStudioVersion = 17.0.31903.59
MinimumVisualStudioVersion = 10.0.40219.1
Project("{FAE04EC0-301F-11D3-BF4B-00C04F79EFBC}") = "API", "API\API.csproj", "{8C18356A-6636-4AB2-B01F-643893C0E8B5}"
EndProject
Project("{FAE04EC0-301F-11D3-BF4B-00C04F79EFBC}") = "Core", "Core\Core.csproj", "{154A1CA0-2CF5-4CC7-9C22-548D1D408CB6}"
EndProject
Project("{FAE04EC0-301F-11D3-BF4B-00C04F79EFBC}") = "Infrastructure", "Infrastructure\Infrastructure.csproj", "{D6DFD47B-1F1A-4144-96FF-AA9E8818344F}"
EndProject
Global
	GlobalSection(SolutionConfigurationPlatforms) = preSolution
		Debug|Any CPU = Debug|Any CPU
		Release|Any CPU = Release|Any CPU
	EndGlobalSection
	GlobalSection(SolutionProperties) = preSolution
		HideSolutionNode = FALSE
	EndGlobalSection
	GlobalSection(ProjectConfigurationPlatforms) = postSolution
		{8C18356A-6636-4AB2-B01F-643893C0E8B5}.Debug|Any CPU.ActiveCfg = Debug|Any CPU
		{8C18356A-6636-4AB2-B01F-643893C0E8B5}.Debug|Any CPU.Build.0 = Debug|Any CPU
		{8C18356A-6636-4AB2-B01F-643893C0E8B5}.Release|Any CPU.ActiveCfg = Release|Any CPU
		{8C18356A-6636-4AB2-B01F-643893C0E8B5}.Release|Any CPU.Build.0 = Release|Any CPU
		{154A1CA0-2CF5-4CC7-9C22-548D1D408CB6}.Debug|Any CPU.ActiveCfg = Debug|Any CPU
		{154A1CA0-2CF5-4CC7-9C22-548D1D408CB6}.Debug|Any CPU.Build.0 = Debug|Any CPU
		{154A1CA0-2CF5-4CC7-9C22-548D1D408CB6}.Release|Any CPU.ActiveCfg = Release|Any CPU
		{154A1CA0-2CF5-4CC7-9C22-548D1D408CB6}.Release|Any CPU.Build.0 = Release|Any CPU
		{D6DFD47B-1F1A-4144-96FF-AA9E8818344F}.Debug|Any CPU.ActiveCfg = Debug|Any CPU
		{D6DFD47B-1F1A-4144-96FF-AA9E8818344F}.Debug|Any CPU.Build.0 = Debug|Any CPU
		{D6DFD47B-1F1A-4144-96FF-AA9E8818344F}.Release|Any CPU.ActiveCfg = Release|Any CPU
		{D6DFD47B-1F1A-4144-96FF-AA9E8818344F}.Release|Any CPU.Build.0 = Release|Any CPU
	EndGlobalSection
EndGlobal
